PODS:
  - Alamofire (5.6.1)
  - IQKeyboardManagerSwift (6.5.9)

DEPENDENCIES:
  - Alamofire
  - IQKeyboardManagerSwift

SPEC REPOS:
  trunk:
    - Alamofire
    - IQKeyboardManagerSwift

SPEC CHECKSUMS:
  Alamofire: 87bd8c952f9a4454320fce00d9cc3de57bcadaf5
  IQKeyboardManagerSwift: 6e839c575c4aa1078d58a596e41244e77abe918f

PODFILE CHECKSUM: f8d290ac00eef9aea6e9bd3e25924fdaf912cb30

COCOAPODS: 1.11.3
