// !$*UTF8*$!
{
	archiveVersion = 1;
	classes = {
	};
	objectVersion = 55;
	objects = {

/* Begin PBXBuildFile section */
		1804B2FFD8D74ABBA71D188D /* Pods_NationalDex.framework in Frameworks */ = {isa = PBXBuildFile; fileRef = 03EC0DE203ADDF044C73A03A /* Pods_NationalDex.framework */; };
		5B349B842824067700A7438B /* Extensions.swift in Sources */ = {isa = PBXBuildFile; fileRef = 5B349B832824067700A7438B /* Extensions.swift */; };
		5B430AD62822F28E00AD0D05 /* AppDelegate.swift in Sources */ = {isa = PBXBuildFile; fileRef = 5B430AD52822F28E00AD0D05 /* AppDelegate.swift */; };
		5B430AD82822F28E00AD0D05 /* SceneDelegate.swift in Sources */ = {isa = PBXBuildFile; fileRef = 5B430AD72822F28E00AD0D05 /* SceneDelegate.swift */; };
		5B430ADA2822F28E00AD0D05 /* DexViewController.swift in Sources */ = {isa = PBXBuildFile; fileRef = 5B430AD92822F28E00AD0D05 /* DexViewController.swift */; };
		5B430ADF2822F29100AD0D05 /* Assets.xcassets in Resources */ = {isa = PBXBuildFile; fileRef = 5B430ADE2822F29100AD0D05 /* Assets.xcassets */; };
		5B430AF62822F6E900AD0D05 /* Observable.swift in Sources */ = {isa = PBXBuildFile; fileRef = 5B430AF52822F6E900AD0D05 /* Observable.swift */; };
		5B430AF82822F71300AD0D05 /* K.swift in Sources */ = {isa = PBXBuildFile; fileRef = 5B430AF72822F71300AD0D05 /* K.swift */; };
		5B430AFA2822F75B00AD0D05 /* DexViewModel.swift in Sources */ = {isa = PBXBuildFile; fileRef = 5B430AF92822F75B00AD0D05 /* DexViewModel.swift */; };
		5B430B082823050700AD0D05 /* BaseViewController.swift in Sources */ = {isa = PBXBuildFile; fileRef = 5B430B072823050600AD0D05 /* BaseViewController.swift */; };
		5B430B0B28230D7600AD0D05 /* PokemonIndex.swift in Sources */ = {isa = PBXBuildFile; fileRef = 5B430B0A28230D7600AD0D05 /* PokemonIndex.swift */; };
		5B430B0D28230E6F00AD0D05 /* PokemonRepository.swift in Sources */ = {isa = PBXBuildFile; fileRef = 5B430B0C28230E6F00AD0D05 /* PokemonRepository.swift */; };
		5B430B0F28230F3D00AD0D05 /* PokemonRepositoryImpl.swift in Sources */ = {isa = PBXBuildFile; fileRef = 5B430B0E28230F3D00AD0D05 /* PokemonRepositoryImpl.swift */; };
		5B430B1128230F8D00AD0D05 /* NetworkClient.swift in Sources */ = {isa = PBXBuildFile; fileRef = 5B430B1028230F8D00AD0D05 /* NetworkClient.swift */; };
		5B430B13282310AE00AD0D05 /* Endpoints.swift in Sources */ = {isa = PBXBuildFile; fileRef = 5B430B12282310AE00AD0D05 /* Endpoints.swift */; };
		5B430B152823123D00AD0D05 /* PokemonUseCase.swift in Sources */ = {isa = PBXBuildFile; fileRef = 5B430B142823123D00AD0D05 /* PokemonUseCase.swift */; };
		5B62A81E2823513500DB9E7B /* PokemonDetails.swift in Sources */ = {isa = PBXBuildFile; fileRef = 5B62A81D2823513500DB9E7B /* PokemonDetails.swift */; };
		5B8D3817282379C5004D6B7C /* DexPokemonCell.swift in Sources */ = {isa = PBXBuildFile; fileRef = 5B8D3816282379C5004D6B7C /* DexPokemonCell.swift */; };
/* End PBXBuildFile section */

/* Begin PBXFileReference section */
		03EC0DE203ADDF044C73A03A /* Pods_NationalDex.framework */ = {isa = PBXFileReference; explicitFileType = wrapper.framework; includeInIndex = 0; path = Pods_NationalDex.framework; sourceTree = BUILT_PRODUCTS_DIR; };
		2C47DA480228186E32F825CF /* Pods-NationalDex.debug.xcconfig */ = {isa = PBXFileReference; includeInIndex = 1; lastKnownFileType = text.xcconfig; name = "Pods-NationalDex.debug.xcconfig"; path = "Target Support Files/Pods-NationalDex/Pods-NationalDex.debug.xcconfig"; sourceTree = "<group>"; };
		5B349B832824067700A7438B /* Extensions.swift */ = {isa = PBXFileReference; lastKnownFileType = sourcecode.swift; path = Extensions.swift; sourceTree = "<group>"; };
		5B430AD22822F28E00AD0D05 /* NationalDex.app */ = {isa = PBXFileReference; explicitFileType = wrapper.application; includeInIndex = 0; path = NationalDex.app; sourceTree = BUILT_PRODUCTS_DIR; };
		5B430AD52822F28E00AD0D05 /* AppDelegate.swift */ = {isa = PBXFileReference; lastKnownFileType = sourcecode.swift; path = AppDelegate.swift; sourceTree = "<group>"; };
		5B430AD72822F28E00AD0D05 /* SceneDelegate.swift */ = {isa = PBXFileReference; lastKnownFileType = sourcecode.swift; path = SceneDelegate.swift; sourceTree = "<group>"; };
		5B430AD92822F28E00AD0D05 /* DexViewController.swift */ = {isa = PBXFileReference; lastKnownFileType = sourcecode.swift; path = DexViewController.swift; sourceTree = "<group>"; };
		5B430ADE2822F29100AD0D05 /* Assets.xcassets */ = {isa = PBXFileReference; lastKnownFileType = folder.assetcatalog; path = Assets.xcassets; sourceTree = "<group>"; };
		5B430AE32822F29100AD0D05 /* Info.plist */ = {isa = PBXFileReference; lastKnownFileType = text.plist.xml; path = Info.plist; sourceTree = "<group>"; };
		5B430AF52822F6E900AD0D05 /* Observable.swift */ = {isa = PBXFileReference; lastKnownFileType = sourcecode.swift; path = Observable.swift; sourceTree = "<group>"; };
		5B430AF72822F71300AD0D05 /* K.swift */ = {isa = PBXFileReference; lastKnownFileType = sourcecode.swift; path = K.swift; sourceTree = "<group>"; };
		5B430AF92822F75B00AD0D05 /* DexViewModel.swift */ = {isa = PBXFileReference; lastKnownFileType = sourcecode.swift; path = DexViewModel.swift; sourceTree = "<group>"; };
		5B430B072823050600AD0D05 /* BaseViewController.swift */ = {isa = PBXFileReference; lastKnownFileType = sourcecode.swift; path = BaseViewController.swift; sourceTree = "<group>"; };
		5B430B0A28230D7600AD0D05 /* PokemonIndex.swift */ = {isa = PBXFileReference; lastKnownFileType = sourcecode.swift; path = PokemonIndex.swift; sourceTree = "<group>"; };
		5B430B0C28230E6F00AD0D05 /* PokemonRepository.swift */ = {isa = PBXFileReference; lastKnownFileType = sourcecode.swift; path = PokemonRepository.swift; sourceTree = "<group>"; };
		5B430B0E28230F3D00AD0D05 /* PokemonRepositoryImpl.swift */ = {isa = PBXFileReference; lastKnownFileType = sourcecode.swift; path = PokemonRepositoryImpl.swift; sourceTree = "<group>"; };
		5B430B1028230F8D00AD0D05 /* NetworkClient.swift */ = {isa = PBXFileReference; lastKnownFileType = sourcecode.swift; path = NetworkClient.swift; sourceTree = "<group>"; };
		5B430B12282310AE00AD0D05 /* Endpoints.swift */ = {isa = PBXFileReference; lastKnownFileType = sourcecode.swift; path = Endpoints.swift; sourceTree = "<group>"; };
		5B430B142823123D00AD0D05 /* PokemonUseCase.swift */ = {isa = PBXFileReference; lastKnownFileType = sourcecode.swift; path = PokemonUseCase.swift; sourceTree = "<group>"; };
		5B62A81D2823513500DB9E7B /* PokemonDetails.swift */ = {isa = PBXFileReference; lastKnownFileType = sourcecode.swift; path = PokemonDetails.swift; sourceTree = "<group>"; };
		5B8D3816282379C5004D6B7C /* DexPokemonCell.swift */ = {isa = PBXFileReference; lastKnownFileType = sourcecode.swift; path = DexPokemonCell.swift; sourceTree = "<group>"; };
		BF1865F34F907A70F141EC65 /* Pods-NationalDex.release.xcconfig */ = {isa = PBXFileReference; includeInIndex = 1; lastKnownFileType = text.xcconfig; name = "Pods-NationalDex.release.xcconfig"; path = "Target Support Files/Pods-NationalDex/Pods-NationalDex.release.xcconfig"; sourceTree = "<group>"; };
/* End PBXFileReference section */

/* Begin PBXFrameworksBuildPhase section */
		5B430ACF2822F28E00AD0D05 /* Frameworks */ = {
			isa = PBXFrameworksBuildPhase;
			buildActionMask = 2147483647;
			files = (
				1804B2FFD8D74ABBA71D188D /* Pods_NationalDex.framework in Frameworks */,
			);
			runOnlyForDeploymentPostprocessing = 0;
		};
/* End PBXFrameworksBuildPhase section */

/* Begin PBXGroup section */
		10A9EBB262C629378C575551 /* Frameworks */ = {
			isa = PBXGroup;
			children = (
				03EC0DE203ADDF044C73A03A /* Pods_NationalDex.framework */,
			);
			name = Frameworks;
			sourceTree = "<group>";
		};
		24BC9BF4E913EF026D4944B6 /* Pods */ = {
			isa = PBXGroup;
			children = (
				2C47DA480228186E32F825CF /* Pods-NationalDex.debug.xcconfig */,
				BF1865F34F907A70F141EC65 /* Pods-NationalDex.release.xcconfig */,
			);
			path = Pods;
			sourceTree = "<group>";
		};
		5B430AC92822F28E00AD0D05 = {
			isa = PBXGroup;
			children = (
				5B430AD42822F28E00AD0D05 /* NationalDex */,
				5B430AD32822F28E00AD0D05 /* Products */,
				24BC9BF4E913EF026D4944B6 /* Pods */,
				10A9EBB262C629378C575551 /* Frameworks */,
			);
			sourceTree = "<group>";
		};
		5B430AD32822F28E00AD0D05 /* Products */ = {
			isa = PBXGroup;
			children = (
				5B430AD22822F28E00AD0D05 /* NationalDex.app */,
			);
			name = Products;
			sourceTree = "<group>";
		};
		5B430AD42822F28E00AD0D05 /* NationalDex */ = {
			isa = PBXGroup;
			children = (
				5B430AD52822F28E00AD0D05 /* AppDelegate.swift */,
				5B430AD72822F28E00AD0D05 /* SceneDelegate.swift */,
				5B430ADE2822F29100AD0D05 /* Assets.xcassets */,
				5B430AE32822F29100AD0D05 /* Info.plist */,
				5B430AEC2822F51300AD0D05 /* Data */,
				5B430AEB2822F50F00AD0D05 /* Domain */,
				5B430AEA2822F50500AD0D05 /* Presentation */,
				5B430AED2822F52E00AD0D05 /* Utils */,
			);
			path = NationalDex;
			sourceTree = "<group>";
		};
		5B430AEA2822F50500AD0D05 /* Presentation */ = {
			isa = PBXGroup;
			children = (
				5B430B072823050600AD0D05 /* BaseViewController.swift */,
				5B430AEE2822F55F00AD0D05 /* Home */,
			);
			path = Presentation;
			sourceTree = "<group>";
		};
		5B430AEB2822F50F00AD0D05 /* Domain */ = {
			isa = PBXGroup;
			children = (
				5B430AF32822F59700AD0D05 /* Entities */,
				5B430AF22822F58E00AD0D05 /* Repositories */,
				5B430AF12822F58800AD0D05 /* UseCases */,
			);
			path = Domain;
			sourceTree = "<group>";
		};
		5B430AEC2822F51300AD0D05 /* Data */ = {
			isa = PBXGroup;
			children = (
				5B430B12282310AE00AD0D05 /* Endpoints.swift */,
				5B430B1028230F8D00AD0D05 /* NetworkClient.swift */,
				5B430AF42822F5A700AD0D05 /* Repositories */,
			);
			path = Data;
			sourceTree = "<group>";
		};
		5B430AED2822F52E00AD0D05 /* Utils */ = {
			isa = PBXGroup;
			children = (
				5B430AF52822F6E900AD0D05 /* Observable.swift */,
				5B349B832824067700A7438B /* Extensions.swift */,
				5B430AF72822F71300AD0D05 /* K.swift */,
			);
			path = Utils;
			sourceTree = "<group>";
		};
		5B430AEE2822F55F00AD0D05 /* Home */ = {
			isa = PBXGroup;
			children = (
				5B430AD92822F28E00AD0D05 /* DexViewController.swift */,
				5B430AF92822F75B00AD0D05 /* DexViewModel.swift */,
				5B8D3816282379C5004D6B7C /* DexPokemonCell.swift */,
			);
			path = Home;
			sourceTree = "<group>";
		};
		5B430AF12822F58800AD0D05 /* UseCases */ = {
			isa = PBXGroup;
			children = (
				5B430B142823123D00AD0D05 /* PokemonUseCase.swift */,
			);
			path = UseCases;
			sourceTree = "<group>";
		};
		5B430AF22822F58E00AD0D05 /* Repositories */ = {
			isa = PBXGroup;
			children = (
				5B430B0C28230E6F00AD0D05 /* PokemonRepository.swift */,
			);
			path = Repositories;
			sourceTree = "<group>";
		};
		5B430AF32822F59700AD0D05 /* Entities */ = {
			isa = PBXGroup;
			children = (
				5B430B0A28230D7600AD0D05 /* PokemonIndex.swift */,
				5B62A81D2823513500DB9E7B /* PokemonDetails.swift */,
			);
			path = Entities;
			sourceTree = "<group>";
		};
		5B430AF42822F5A700AD0D05 /* Repositories */ = {
			isa = PBXGroup;
			children = (
				5B430B0E28230F3D00AD0D05 /* PokemonRepositoryImpl.swift */,
			);
			path = Repositories;
			sourceTree = "<group>";
		};
/* End PBXGroup section */

/* Begin PBXNativeTarget section */
		5B430AD12822F28E00AD0D05 /* NationalDex */ = {
			isa = PBXNativeTarget;
			buildConfigurationList = 5B430AE62822F29100AD0D05 /* Build configuration list for PBXNativeTarget "NationalDex" */;
			buildPhases = (
				E932BC43C743EDDDCF7A8CE5 /* [CP] Check Pods Manifest.lock */,
				5B430ACE2822F28E00AD0D05 /* Sources */,
				5B430ACF2822F28E00AD0D05 /* Frameworks */,
				5B430AD02822F28E00AD0D05 /* Resources */,
				429B9D2F61823D251FD12720 /* [CP] Embed Pods Frameworks */,
			);
			buildRules = (
			);
			dependencies = (
			);
			name = NationalDex;
			productName = NationalDex;
			productReference = 5B430AD22822F28E00AD0D05 /* NationalDex.app */;
			productType = "com.apple.product-type.application";
		};
/* End PBXNativeTarget section */

/* Begin PBXProject section */
		5B430ACA2822F28E00AD0D05 /* Project object */ = {
			isa = PBXProject;
			attributes = {
				BuildIndependentTargetsInParallel = 1;
				LastSwiftUpdateCheck = 1330;
				LastUpgradeCheck = 1330;
				TargetAttributes = {
					5B430AD12822F28E00AD0D05 = {
						CreatedOnToolsVersion = 13.3.1;
					};
				};
			};
			buildConfigurationList = 5B430ACD2822F28E00AD0D05 /* Build configuration list for PBXProject "NationalDex" */;
			compatibilityVersion = "Xcode 13.0";
			developmentRegion = en;
			hasScannedForEncodings = 0;
			knownRegions = (
				en,
				Base,
			);
			mainGroup = 5B430AC92822F28E00AD0D05;
			productRefGroup = 5B430AD32822F28E00AD0D05 /* Products */;
			projectDirPath = "";
			projectRoot = "";
			targets = (
				5B430AD12822F28E00AD0D05 /* NationalDex */,
			);
		};
/* End PBXProject section */

/* Begin PBXResourcesBuildPhase section */
		5B430AD02822F28E00AD0D05 /* Resources */ = {
			isa = PBXResourcesBuildPhase;
			buildActionMask = 2147483647;
			files = (
				5B430ADF2822F29100AD0D05 /* Assets.xcassets in Resources */,
			);
			runOnlyForDeploymentPostprocessing = 0;
		};
/* End PBXResourcesBuildPhase section */

/* Begin PBXShellScriptBuildPhase section */
		429B9D2F61823D251FD12720 /* [CP] Embed Pods Frameworks */ = {
			isa = PBXShellScriptBuildPhase;
			buildActionMask = 2147483647;
			files = (
			);
			inputFileListPaths = (
				"${PODS_ROOT}/Target Support Files/Pods-NationalDex/Pods-NationalDex-frameworks-${CONFIGURATION}-input-files.xcfilelist",
			);
			name = "[CP] Embed Pods Frameworks";
			outputFileListPaths = (
				"${PODS_ROOT}/Target Support Files/Pods-NationalDex/Pods-NationalDex-frameworks-${CONFIGURATION}-output-files.xcfilelist",
			);
			runOnlyForDeploymentPostprocessing = 0;
			shellPath = /bin/sh;
			shellScript = "\"${PODS_ROOT}/Target Support Files/Pods-NationalDex/Pods-NationalDex-frameworks.sh\"\n";
			showEnvVarsInLog = 0;
		};
		E932BC43C743EDDDCF7A8CE5 /* [CP] Check Pods Manifest.lock */ = {
			isa = PBXShellScriptBuildPhase;
			buildActionMask = 2147483647;
			files = (
			);
			inputFileListPaths = (
			);
			inputPaths = (
				"${PODS_PODFILE_DIR_PATH}/Podfile.lock",
				"${PODS_ROOT}/Manifest.lock",
			);
			name = "[CP] Check Pods Manifest.lock";
			outputFileListPaths = (
			);
			outputPaths = (
				"$(DERIVED_FILE_DIR)/Pods-NationalDex-checkManifestLockResult.txt",
			);
			runOnlyForDeploymentPostprocessing = 0;
			shellPath = /bin/sh;
			shellScript = "diff \"${PODS_PODFILE_DIR_PATH}/Podfile.lock\" \"${PODS_ROOT}/Manifest.lock\" > /dev/null\nif [ $? != 0 ] ; then\n    # print error to STDERR\n    echo \"error: The sandbox is not in sync with the Podfile.lock. Run 'pod install' or update your CocoaPods installation.\" >&2\n    exit 1\nfi\n# This output is used by Xcode 'outputs' to avoid re-running this script phase.\necho \"SUCCESS\" > \"${SCRIPT_OUTPUT_FILE_0}\"\n";
			showEnvVarsInLog = 0;
		};
/* End PBXShellScriptBuildPhase section */

/* Begin PBXSourcesBuildPhase section */
		5B430ACE2822F28E00AD0D05 /* Sources */ = {
			isa = PBXSourcesBuildPhase;
			buildActionMask = 2147483647;
			files = (
				5B430AF62822F6E900AD0D05 /* Observable.swift in Sources */,
				5B430AFA2822F75B00AD0D05 /* DexViewModel.swift in Sources */,
				5B430B13282310AE00AD0D05 /* Endpoints.swift in Sources */,
				5B430AF82822F71300AD0D05 /* K.swift in Sources */,
				5B430ADA2822F28E00AD0D05 /* DexViewController.swift in Sources */,
				5B8D3817282379C5004D6B7C /* DexPokemonCell.swift in Sources */,
				5B430AD62822F28E00AD0D05 /* AppDelegate.swift in Sources */,
				5B430B0B28230D7600AD0D05 /* PokemonIndex.swift in Sources */,
				5B430B152823123D00AD0D05 /* PokemonUseCase.swift in Sources */,
				5B430B0D28230E6F00AD0D05 /* PokemonRepository.swift in Sources */,
				5B430B082823050700AD0D05 /* BaseViewController.swift in Sources */,
				5B430AD82822F28E00AD0D05 /* SceneDelegate.swift in Sources */,
				5B430B0F28230F3D00AD0D05 /* PokemonRepositoryImpl.swift in Sources */,
				5B349B842824067700A7438B /* Extensions.swift in Sources */,
				5B430B1128230F8D00AD0D05 /* NetworkClient.swift in Sources */,
				5B62A81E2823513500DB9E7B /* PokemonDetails.swift in Sources */,
			);
			runOnlyForDeploymentPostprocessing = 0;
		};
/* End PBXSourcesBuildPhase section */

/* Begin XCBuildConfiguration section */
		5B430AE42822F29100AD0D05 /* Debug */ = {
			isa = XCBuildConfiguration;
			buildSettings = {
				ALWAYS_SEARCH_USER_PATHS = NO;
				CLANG_ANALYZER_NONNULL = YES;
				CLANG_ANALYZER_NUMBER_OBJECT_CONVERSION = YES_AGGRESSIVE;
				CLANG_CXX_LANGUAGE_STANDARD = "gnu++17";
				CLANG_ENABLE_MODULES = YES;
				CLANG_ENABLE_OBJC_ARC = YES;
				CLANG_ENABLE_OBJC_WEAK = YES;
				CLANG_WARN_BLOCK_CAPTURE_AUTORELEASING = YES;
				CLANG_WARN_BOOL_CONVERSION = YES;
				CLANG_WARN_COMMA = YES;
				CLANG_WARN_CONSTANT_CONVERSION = YES;
				CLANG_WARN_DEPRECATED_OBJC_IMPLEMENTATIONS = YES;
				CLANG_WARN_DIRECT_OBJC_ISA_USAGE = YES_ERROR;
				CLANG_WARN_DOCUMENTATION_COMMENTS = YES;
				CLANG_WARN_EMPTY_BODY = YES;
				CLANG_WARN_ENUM_CONVERSION = YES;
				CLANG_WARN_INFINITE_RECURSION = YES;
				CLANG_WARN_INT_CONVERSION = YES;
				CLANG_WARN_NON_LITERAL_NULL_CONVERSION = YES;
				CLANG_WARN_OBJC_IMPLICIT_RETAIN_SELF = YES;
				CLANG_WARN_OBJC_LITERAL_CONVERSION = YES;
				CLANG_WARN_OBJC_ROOT_CLASS = YES_ERROR;
				CLANG_WARN_QUOTED_INCLUDE_IN_FRAMEWORK_HEADER = YES;
				CLANG_WARN_RANGE_LOOP_ANALYSIS = YES;
				CLANG_WARN_STRICT_PROTOTYPES = YES;
				CLANG_WARN_SUSPICIOUS_MOVE = YES;
				CLANG_WARN_UNGUARDED_AVAILABILITY = YES_AGGRESSIVE;
				CLANG_WARN_UNREACHABLE_CODE = YES;
				CLANG_WARN__DUPLICATE_METHOD_MATCH = YES;
				COPY_PHASE_STRIP = NO;
				DEBUG_INFORMATION_FORMAT = dwarf;
				ENABLE_STRICT_OBJC_MSGSEND = YES;
				ENABLE_TESTABILITY = YES;
				GCC_C_LANGUAGE_STANDARD = gnu11;
				GCC_DYNAMIC_NO_PIC = NO;
				GCC_NO_COMMON_BLOCKS = YES;
				GCC_OPTIMIZATION_LEVEL = 0;
				GCC_PREPROCESSOR_DEFINITIONS = (
					"DEBUG=1",
					"$(inherited)",
				);
				GCC_WARN_64_TO_32_BIT_CONVERSION = YES;
				GCC_WARN_ABOUT_RETURN_TYPE = YES_ERROR;
				GCC_WARN_UNDECLARED_SELECTOR = YES;
				GCC_WARN_UNINITIALIZED_AUTOS = YES_AGGRESSIVE;
				GCC_WARN_UNUSED_FUNCTION = YES;
				GCC_WARN_UNUSED_VARIABLE = YES;
				IPHONEOS_DEPLOYMENT_TARGET = 15.4;
				MTL_ENABLE_DEBUG_INFO = INCLUDE_SOURCE;
				MTL_FAST_MATH = YES;
				ONLY_ACTIVE_ARCH = YES;
				SDKROOT = iphoneos;
				SWIFT_ACTIVE_COMPILATION_CONDITIONS = DEBUG;
				SWIFT_OPTIMIZATION_LEVEL = "-Onone";
			};
			name = Debug;
		};
		5B430AE52822F29100AD0D05 /* Release */ = {
			isa = XCBuildConfiguration;
			buildSettings = {
				ALWAYS_SEARCH_USER_PATHS = NO;
				CLANG_ANALYZER_NONNULL = YES;
				CLANG_ANALYZER_NUMBER_OBJECT_CONVERSION = YES_AGGRESSIVE;
				CLANG_CXX_LANGUAGE_STANDARD = "gnu++17";
				CLANG_ENABLE_MODULES = YES;
				CLANG_ENABLE_OBJC_ARC = YES;
				CLANG_ENABLE_OBJC_WEAK = YES;
				CLANG_WARN_BLOCK_CAPTURE_AUTORELEASING = YES;
				CLANG_WARN_BOOL_CONVERSION = YES;
				CLANG_WARN_COMMA = YES;
				CLANG_WARN_CONSTANT_CONVERSION = YES;
				CLANG_WARN_DEPRECATED_OBJC_IMPLEMENTATIONS = YES;
				CLANG_WARN_DIRECT_OBJC_ISA_USAGE = YES_ERROR;
				CLANG_WARN_DOCUMENTATION_COMMENTS = YES;
				CLANG_WARN_EMPTY_BODY = YES;
				CLANG_WARN_ENUM_CONVERSION = YES;
				CLANG_WARN_INFINITE_RECURSION = YES;
				CLANG_WARN_INT_CONVERSION = YES;
				CLANG_WARN_NON_LITERAL_NULL_CONVERSION = YES;
				CLANG_WARN_OBJC_IMPLICIT_RETAIN_SELF = YES;
				CLANG_WARN_OBJC_LITERAL_CONVERSION = YES;
				CLANG_WARN_OBJC_ROOT_CLASS = YES_ERROR;
				CLANG_WARN_QUOTED_INCLUDE_IN_FRAMEWORK_HEADER = YES;
				CLANG_WARN_RANGE_LOOP_ANALYSIS = YES;
				CLANG_WARN_STRICT_PROTOTYPES = YES;
				CLANG_WARN_SUSPICIOUS_MOVE = YES;
				CLANG_WARN_UNGUARDED_AVAILABILITY = YES_AGGRESSIVE;
				CLANG_WARN_UNREACHABLE_CODE = YES;
				CLANG_WARN__DUPLICATE_METHOD_MATCH = YES;
				COPY_PHASE_STRIP = NO;
				DEBUG_INFORMATION_FORMAT = "dwarf-with-dsym";
				ENABLE_NS_ASSERTIONS = NO;
				ENABLE_STRICT_OBJC_MSGSEND = YES;
				GCC_C_LANGUAGE_STANDARD = gnu11;
				GCC_NO_COMMON_BLOCKS = YES;
				GCC_WARN_64_TO_32_BIT_CONVERSION = YES;
				GCC_WARN_ABOUT_RETURN_TYPE = YES_ERROR;
				GCC_WARN_UNDECLARED_SELECTOR = YES;
				GCC_WARN_UNINITIALIZED_AUTOS = YES_AGGRESSIVE;
				GCC_WARN_UNUSED_FUNCTION = YES;
				GCC_WARN_UNUSED_VARIABLE = YES;
				IPHONEOS_DEPLOYMENT_TARGET = 15.4;
				MTL_ENABLE_DEBUG_INFO = NO;
				MTL_FAST_MATH = YES;
				SDKROOT = iphoneos;
				SWIFT_COMPILATION_MODE = wholemodule;
				SWIFT_OPTIMIZATION_LEVEL = "-O";
				VALIDATE_PRODUCT = YES;
			};
			name = Release;
		};
		5B430AE72822F29100AD0D05 /* Debug */ = {
			isa = XCBuildConfiguration;
			baseConfigurationReference = 2C47DA480228186E32F825CF /* Pods-NationalDex.debug.xcconfig */;
			buildSettings = {
				ASSETCATALOG_COMPILER_APPICON_NAME = AppIcon;
				ASSETCATALOG_COMPILER_GLOBAL_ACCENT_COLOR_NAME = AccentColor;
				CODE_SIGN_STYLE = Automatic;
				CURRENT_PROJECT_VERSION = 1;
				DEVELOPMENT_TEAM = 8ZZVFF44PZ;
				GENERATE_INFOPLIST_FILE = YES;
				INFOPLIST_FILE = NationalDex/Info.plist;
				INFOPLIST_KEY_UIApplicationSupportsIndirectInputEvents = YES;
				INFOPLIST_KEY_UILaunchStoryboardName = LaunchScreen;
				INFOPLIST_KEY_UISupportedInterfaceOrientations = UIInterfaceOrientationPortrait;
				INFOPLIST_KEY_UISupportedInterfaceOrientations_iPad = "UIInterfaceOrientationPortrait UIInterfaceOrientationPortraitUpsideDown UIInterfaceOrientationLandscapeLeft UIInterfaceOrientationLandscapeRight";
				INFOPLIST_KEY_UISupportedInterfaceOrientations_iPhone = "UIInterfaceOrientationPortrait UIInterfaceOrientationLandscapeLeft UIInterfaceOrientationLandscapeRight";
				LD_RUNPATH_SEARCH_PATHS = (
					"$(inherited)",
					"@executable_path/Frameworks",
				);
				MARKETING_VERSION = 1.0;
				PRODUCT_BUNDLE_IDENTIFIER = com.mf.NationalDex;
				PRODUCT_NAME = "$(TARGET_NAME)";
				SWIFT_EMIT_LOC_STRINGS = YES;
				SWIFT_VERSION = 5.0;
				TARGETED_DEVICE_FAMILY = "1,2";
			};
			name = Debug;
		};
		5B430AE82822F29100AD0D05 /* Release */ = {
			isa = XCBuildConfiguration;
			baseConfigurationReference = BF1865F34F907A70F141EC65 /* Pods-NationalDex.release.xcconfig */;
			buildSettings = {
				ASSETCATALOG_COMPILER_APPICON_NAME = AppIcon;
				ASSETCATALOG_COMPILER_GLOBAL_ACCENT_COLOR_NAME = AccentColor;
				CODE_SIGN_STYLE = Automatic;
				CURRENT_PROJECT_VERSION = 1;
				DEVELOPMENT_TEAM = 8ZZVFF44PZ;
				GENERATE_INFOPLIST_FILE = YES;
				INFOPLIST_FILE = NationalDex/Info.plist;
				INFOPLIST_KEY_UIApplicationSupportsIndirectInputEvents = YES;
				INFOPLIST_KEY_UILaunchStoryboardName = LaunchScreen;
				INFOPLIST_KEY_UISupportedInterfaceOrientations = UIInterfaceOrientationPortrait;
				INFOPLIST_KEY_UISupportedInterfaceOrientations_iPad = "UIInterfaceOrientationPortrait UIInterfaceOrientationPortraitUpsideDown UIInterfaceOrientationLandscapeLeft UIInterfaceOrientationLandscapeRight";
				INFOPLIST_KEY_UISupportedInterfaceOrientations_iPhone = "UIInterfaceOrientationPortrait UIInterfaceOrientationLandscapeLeft UIInterfaceOrientationLandscapeRight";
				LD_RUNPATH_SEARCH_PATHS = (
					"$(inherited)",
					"@executable_path/Frameworks",
				);
				MARKETING_VERSION = 1.0;
				PRODUCT_BUNDLE_IDENTIFIER = com.mf.NationalDex;
				PRODUCT_NAME = "$(TARGET_NAME)";
				SWIFT_EMIT_LOC_STRINGS = YES;
				SWIFT_VERSION = 5.0;
				TARGETED_DEVICE_FAMILY = "1,2";
			};
			name = Release;
		};
/* End XCBuildConfiguration section */

/* Begin XCConfigurationList section */
		5B430ACD2822F28E00AD0D05 /* Build configuration list for PBXProject "NationalDex" */ = {
			isa = XCConfigurationList;
			buildConfigurations = (
				5B430AE42822F29100AD0D05 /* Debug */,
				5B430AE52822F29100AD0D05 /* Release */,
			);
			defaultConfigurationIsVisible = 0;
			defaultConfigurationName = Release;
		};
		5B430AE62822F29100AD0D05 /* Build configuration list for PBXNativeTarget "NationalDex" */ = {
			isa = XCConfigurationList;
			buildConfigurations = (
				5B430AE72822F29100AD0D05 /* Debug */,
				5B430AE82822F29100AD0D05 /* Release */,
			);
			defaultConfigurationIsVisible = 0;
			defaultConfigurationName = Release;
		};
/* End XCConfigurationList section */
	};
	rootObject = 5B430ACA2822F28E00AD0D05 /* Project object */;
}
